
Microsoft Visual Studio Solution File, Format Version 12.00
# Visual Studio Version 17
VisualStudioVersion = 17.4.33122.133
MinimumVisualStudioVersion = 10.0.40219.1
Project("{FAE04EC0-301F-11D3-BF4B-00C04F79EFBC}") = "Tikitapp.Website", "Tikitapp.Website\Tikitapp.Website.csproj", "{3A8E4266-6BCC-43D5-BF94-C524F4DBD0BA}"
EndProject
Project("{FAE04EC0-301F-11D3-BF4B-00C04F79EFBC}") = "Tikitapp.Website.Tests", "Tikitapp.Website.Tests\Tikitapp.Website.Tests.csproj", "{F8257FDE-551D-421F-A838-99E5A3D82685}"
EndProject
Global
	GlobalSection(SolutionProperties) = preSolution
		HideSolutionNode = FALSE
	EndGlobalSection
	GlobalSection(ExtensibilityGlobals) = postSolution
		SolutionGuid = {9D37E3BC-86FF-4482-A536-F59AC3638D12}
	EndGlobalSection
	GlobalSection(SolutionConfigurationPlatforms) = preSolution
		Debug|Any CPU = Debug|Any CPU
		Debug|x64 = Debug|x64
		Debug|x86 = Debug|x86
		Release|Any CPU = Release|Any CPU
		Release|x64 = Release|x64
		Release|x86 = Release|x86
	EndGlobalSection
	GlobalSection(ProjectConfigurationPlatforms) = postSolution
		{3A8E4266-6BCC-43D5-BF94-C524F4DBD0BA}.Debug|Any CPU.ActiveCfg = Debug|Any CPU
		{3A8E4266-6BCC-43D5-BF94-C524F4DBD0BA}.Debug|Any CPU.Build.0 = Debug|Any CPU
		{3A8E4266-6BCC-43D5-BF94-C524F4DBD0BA}.Debug|x64.ActiveCfg = Debug|Any CPU
		{3A8E4266-6BCC-43D5-BF94-C524F4DBD0BA}.Debug|x64.Build.0 = Debug|Any CPU
		{3A8E4266-6BCC-43D5-BF94-C524F4DBD0BA}.Debug|x86.ActiveCfg = Debug|Any CPU
		{3A8E4266-6BCC-43D5-BF94-C524F4DBD0BA}.Debug|x86.Build.0 = Debug|Any CPU
		{3A8E4266-6BCC-43D5-BF94-C524F4DBD0BA}.Release|Any CPU.ActiveCfg = Release|Any CPU
		{3A8E4266-6BCC-43D5-BF94-C524F4DBD0BA}.Release|Any CPU.Build.0 = Release|Any CPU
		{3A8E4266-6BCC-43D5-BF94-C524F4DBD0BA}.Release|x64.ActiveCfg = Release|Any CPU
		{3A8E4266-6BCC-43D5-BF94-C524F4DBD0BA}.Release|x64.Build.0 = Release|Any CPU
		{3A8E4266-6BCC-43D5-BF94-C524F4DBD0BA}.Release|x86.ActiveCfg = Release|Any CPU
		{3A8E4266-6BCC-43D5-BF94-C524F4DBD0BA}.Release|x86.Build.0 = Release|Any CPU
		{F8257FDE-551D-421F-A838-99E5A3D82685}.Debug|Any CPU.ActiveCfg = Debug|Any CPU
		{F8257FDE-551D-421F-A838-99E5A3D82685}.Debug|Any CPU.Build.0 = Debug|Any CPU
		{F8257FDE-551D-421F-A838-99E5A3D82685}.Debug|x64.ActiveCfg = Debug|Any CPU
		{F8257FDE-551D-421F-A838-99E5A3D82685}.Debug|x64.Build.0 = Debug|Any CPU
		{F8257FDE-551D-421F-A838-99E5A3D82685}.Debug|x86.ActiveCfg = Debug|Any CPU
		{F8257FDE-551D-421F-A838-99E5A3D82685}.Debug|x86.Build.0 = Debug|Any CPU
		{F8257FDE-551D-421F-A838-99E5A3D82685}.Release|Any CPU.ActiveCfg = Release|Any CPU
		{F8257FDE-551D-421F-A838-99E5A3D82685}.Release|Any CPU.Build.0 = Release|Any CPU
		{F8257FDE-551D-421F-A838-99E5A3D82685}.Release|x64.ActiveCfg = Release|Any CPU
		{F8257FDE-551D-421F-A838-99E5A3D82685}.Release|x64.Build.0 = Release|Any CPU
		{F8257FDE-551D-421F-A838-99E5A3D82685}.Release|x86.ActiveCfg = Release|Any CPU
		{F8257FDE-551D-421F-A838-99E5A3D82685}.Release|x86.Build.0 = Release|Any CPU
	EndGlobalSection
EndGlobal
